
Microsoft Visual Studio Solution File, Format Version 12.00
# Visual Studio 15
VisualStudioVersion = 15.0.28010.2041
MinimumVisualStudioVersion = 10.0.40219.1
Project("{9A19103F-16F7-4668-BE54-9A1E7A4F7556}") = "PrestoCoverage.Sample", "PrestoCoverage.Sample\PrestoCoverage.Sample.csproj", "{F126772A-079B-4BD8-AF2D-106013DF119D}"
EndProject
Project("{9A19103F-16F7-4668-BE54-9A1E7A4F7556}") = "PrestoCoverage.UnitTest", "PrestoCoverage.UnitTest\PrestoCoverage.UnitTest.csproj", "{0E3E6DE8-0AB8-44F6-B4EC-D1263A436BCC}"
EndProject
Global
	GlobalSection(SolutionConfigurationPlatforms) = preSolution
		Debug|Any CPU = Debug|Any CPU
		Release|Any CPU = Release|Any CPU
	EndGlobalSection
	GlobalSection(ProjectConfigurationPlatforms) = postSolution
		{F126772A-079B-4BD8-AF2D-106013DF119D}.Debug|Any CPU.ActiveCfg = Debug|Any CPU
		{F126772A-079B-4BD8-AF2D-106013DF119D}.Debug|Any CPU.Build.0 = Debug|Any CPU
		{F126772A-079B-4BD8-AF2D-106013DF119D}.Release|Any CPU.ActiveCfg = Release|Any CPU
		{F126772A-079B-4BD8-AF2D-106013DF119D}.Release|Any CPU.Build.0 = Release|Any CPU
		{0E3E6DE8-0AB8-44F6-B4EC-D1263A436BCC}.Debug|Any CPU.ActiveCfg = Debug|Any CPU
		{0E3E6DE8-0AB8-44F6-B4EC-D1263A436BCC}.Debug|Any CPU.Build.0 = Debug|Any CPU
		{0E3E6DE8-0AB8-44F6-B4EC-D1263A436BCC}.Release|Any CPU.ActiveCfg = Release|Any CPU
		{0E3E6DE8-0AB8-44F6-B4EC-D1263A436BCC}.Release|Any CPU.Build.0 = Release|Any CPU
	EndGlobalSection
	GlobalSection(SolutionProperties) = preSolution
		HideSolutionNode = FALSE
	EndGlobalSection
	GlobalSection(ExtensibilityGlobals) = postSolution
		SolutionGuid = {D297A203-0459-4F9C-B6FB-851369AD99C8}
	EndGlobalSection
EndGlobal
